
Microsoft Visual Studio Solution File, Format Version 12.00
# Visual Studio Version 17
VisualStudioVersion = 17.6.33829.357
MinimumVisualStudioVersion = 10.0.40219.1
Project("{FAE04EC0-301F-11D3-BF4B-00C04F79EFBC}") = "BudgetBuddy", "BudgetBuddy\BudgetBuddy.csproj", "{720839EC-8EBD-4BDF-8D9B-B776E79D8DB5}"
EndProject
Global
	GlobalSection(SolutionConfigurationPlatforms) = preSolution
		Debug|Any CPU = Debug|Any CPU
		Release|Any CPU = Release|Any CPU
	EndGlobalSection
	GlobalSection(ProjectConfigurationPlatforms) = postSolution
		{720839EC-8EBD-4BDF-8D9B-B776E79D8DB5}.Debug|Any CPU.ActiveCfg = Debug|Any CPU
		{720839EC-8EBD-4BDF-8D9B-B776E79D8DB5}.Debug|Any CPU.Build.0 = Debug|Any CPU
		{720839EC-8EBD-4BDF-8D9B-B776E79D8DB5}.Release|Any CPU.ActiveCfg = Release|Any CPU
		{720839EC-8EBD-4BDF-8D9B-B776E79D8DB5}.Release|Any CPU.Build.0 = Release|Any CPU
	EndGlobalSection
	GlobalSection(SolutionProperties) = preSolution
		HideSolutionNode = FALSE
	EndGlobalSection
	GlobalSection(ExtensibilityGlobals) = postSolution
		SolutionGuid = {06298B7D-1833-4ED0-8190-19460333261F}
	EndGlobalSection
EndGlobal
